dependencies:
- name: loki
  repository: https://grafana.github.io/helm-charts
  version: 6.29.0
- name: grafana
  repository: https://grafana.github.io/helm-charts
  version: 8.14.2
- name: mimir-distributed
  repository: https://grafana.github.io/helm-charts
  version: 5.7.0
- name: k8s-monitoring
  repository: https://grafana.github.io/helm-charts
  version: 2.0.26
digest: sha256:395769fc1af11879d122d9d683485f469b3ded58006eb2abfe1801544a30a532
generated: "2025-05-04T15:33:21.924369821-04:00"
