dependencies:
- name: loki
  repository: https://grafana.github.io/helm-charts
  version: 6.29.0
- name: grafana
  repository: https://grafana.github.io/helm-charts
  version: 8.14.2
- name: mimir-distributed
  repository: https://grafana.github.io/helm-charts
  version: 5.7.0
digest: sha256:f7fee1b6e628137d1c8cdcaa0237952a7db37ce00b459a95f6b7455c824a109b
generated: "2025-05-04T14:16:57.920406132-04:00"
