dependencies:
- name: loki
  repository: https://grafana.github.io/helm-charts
  version: 6.29.0
- name: grafana
  repository: https://grafana.github.io/helm-charts
  version: 8.14.2
- name: k8s-monitoring
  repository: https://grafana.github.io/helm-charts
  version: 2.0.27
digest: sha256:7b4300ad4d6f5cf7a09a32788c4623a8c0a46a285b9d197257b884a3d158891b
generated: "2025-05-06T20:20:36.870947613-04:00"
