dependencies:
- name: cert-manager
  repository: https://charts.jetstack.io
  version: v1.18.2
- name: trust-manager
  repository: https://charts.jetstack.io
  version: v0.20.1
digest: sha256:ecdab7d35e8f63828ffed49ccaaa0d5e083cd806ab0ade5adb1c4b3964f0c207
generated: "2025-10-13T00:27:27.231426762Z"
