dependencies:
- name: cert-manager
  repository: https://charts.jetstack.io
  version: v1.19.1
- name: trust-manager
  repository: https://charts.jetstack.io
  version: v0.19.0
digest: sha256:b18cf45df6fb10c3e6e1ab2a9e9c3dd2d23244a85389509ff1a8bf6f3cde5bb4
generated: "2025-10-20T00:31:01.953497344Z"
